
Microsoft Visual Studio Solution File, Format Version 12.00
# Visual Studio Version 16
VisualStudioVersion = 16.0.31729.503
MinimumVisualStudioVersion = 10.0.40219.1
Project("{FAE04EC0-301F-11D3-BF4B-00C04F79EFBC}") = "Sortowanie z wektorem pomocniczym", "Sortowanie z wektorem pomocniczym\Sortowanie z wektorem pomocniczym.csproj", "{050F8F13-0D9A-4DF9-B5EF-ECCA2A0ADB88}"
EndProject
Global
	GlobalSection(SolutionConfigurationPlatforms) = preSolution
		Debug|Any CPU = Debug|Any CPU
		Release|Any CPU = Release|Any CPU
	EndGlobalSection
	GlobalSection(ProjectConfigurationPlatforms) = postSolution
		{050F8F13-0D9A-4DF9-B5EF-ECCA2A0ADB88}.Debug|Any CPU.ActiveCfg = Debug|Any CPU
		{050F8F13-0D9A-4DF9-B5EF-ECCA2A0ADB88}.Debug|Any CPU.Build.0 = Debug|Any CPU
		{050F8F13-0D9A-4DF9-B5EF-ECCA2A0ADB88}.Release|Any CPU.ActiveCfg = Release|Any CPU
		{050F8F13-0D9A-4DF9-B5EF-ECCA2A0ADB88}.Release|Any CPU.Build.0 = Release|Any CPU
	EndGlobalSection
	GlobalSection(SolutionProperties) = preSolution
		HideSolutionNode = FALSE
	EndGlobalSection
	GlobalSection(ExtensibilityGlobals) = postSolution
		SolutionGuid = {B1AFD9F8-4942-4B80-989B-E0E72EC68969}
	EndGlobalSection
EndGlobal
